// !$*UTF8*$!
{
	archiveVersion = 1;
	classes = {
	};
	objectVersion = 55;
	objects = {

/* Begin PBXBuildFile section */
		BBAFDF6B28D5073E0062FBA7 /* NotePrototypeCell.swift in Sources */ = {isa = PBXBuildFile; fileRef = BBAFDF6A28D5073E0062FBA7 /* NotePrototypeCell.swift */; };
		BBB4231A28D4C7D8005DF06A /* AppDelegate.swift in Sources */ = {isa = PBXBuildFile; fileRef = BBB4231928D4C7D8005DF06A /* AppDelegate.swift */; };
		BBB4231C28D4C7D8005DF06A /* SceneDelegate.swift in Sources */ = {isa = PBXBuildFile; fileRef = BBB4231B28D4C7D8005DF06A /* SceneDelegate.swift */; };
		BBB4231E28D4C7D8005DF06A /* ViewController.swift in Sources */ = {isa = PBXBuildFile; fileRef = BBB4231D28D4C7D8005DF06A /* ViewController.swift */; };
		BBB4232128D4C7D8005DF06A /* Main.storyboard in Resources */ = {isa = PBXBuildFile; fileRef = BBB4231F28D4C7D8005DF06A /* Main.storyboard */; };
		BBB4232328D4C7D9005DF06A /* Assets.xcassets in Resources */ = {isa = PBXBuildFile; fileRef = BBB4232228D4C7D9005DF06A /* Assets.xcassets */; };
		BBB4232628D4C7D9005DF06A /* LaunchScreen.storyboard in Resources */ = {isa = PBXBuildFile; fileRef = BBB4232428D4C7D9005DF06A /* LaunchScreen.storyboard */; };
		BBB4232F28D4D06A005DF06A /* Alamofire in Frameworks */ = {isa = PBXBuildFile; productRef = BBB4232E28D4D06A005DF06A /* Alamofire */; };
		BBB4233128D4D6E0005DF06A /* APIFunctions.swift in Sources */ = {isa = PBXBuildFile; fileRef = BBB4233028D4D6E0005DF06A /* APIFunctions.swift */; };
		BBB4233328D4EC9F005DF06A /* AddNoteViewController.swift in Sources */ = {isa = PBXBuildFile; fileRef = BBB4233228D4EC9F005DF06A /* AddNoteViewController.swift */; };
/* End PBXBuildFile section */

/* Begin PBXFileReference section */
		BBAFDF6A28D5073E0062FBA7 /* NotePrototypeCell.swift */ = {isa = PBXFileReference; lastKnownFileType = sourcecode.swift; path = NotePrototypeCell.swift; sourceTree = "<group>"; };
		BBB4231628D4C7D8005DF06A /* Note-App.app */ = {isa = PBXFileReference; explicitFileType = wrapper.application; includeInIndex = 0; path = "Note-App.app"; sourceTree = BUILT_PRODUCTS_DIR; };
		BBB4231928D4C7D8005DF06A /* AppDelegate.swift */ = {isa = PBXFileReference; lastKnownFileType = sourcecode.swift; path = AppDelegate.swift; sourceTree = "<group>"; };
		BBB4231B28D4C7D8005DF06A /* SceneDelegate.swift */ = {isa = PBXFileReference; lastKnownFileType = sourcecode.swift; path = SceneDelegate.swift; sourceTree = "<group>"; };
		BBB4231D28D4C7D8005DF06A /* ViewController.swift */ = {isa = PBXFileReference; lastKnownFileType = sourcecode.swift; path = ViewController.swift; sourceTree = "<group>"; };
		BBB4232028D4C7D8005DF06A /* Base */ = {isa = PBXFileReference; lastKnownFileType = file.storyboard; name = Base; path = Base.lproj/Main.storyboard; sourceTree = "<group>"; };
		BBB4232228D4C7D9005DF06A /* Assets.xcassets */ = {isa = PBXFileReference; lastKnownFileType = folder.assetcatalog; path = Assets.xcassets; sourceTree = "<group>"; };
		BBB4232528D4C7D9005DF06A /* Base */ = {isa = PBXFileReference; lastKnownFileType = file.storyboard; name = Base; path = Base.lproj/LaunchScreen.storyboard; sourceTree = "<group>"; };
		BBB4232728D4C7D9005DF06A /* Info.plist */ = {isa = PBXFileReference; lastKnownFileType = text.plist.xml; path = Info.plist; sourceTree = "<group>"; };
		BBB4233028D4D6E0005DF06A /* APIFunctions.swift */ = {isa = PBXFileReference; lastKnownFileType = sourcecode.swift; path = APIFunctions.swift; sourceTree = "<group>"; };
		BBB4233228D4EC9F005DF06A /* AddNoteViewController.swift */ = {isa = PBXFileReference; lastKnownFileType = sourcecode.swift; path = AddNoteViewController.swift; sourceTree = "<group>"; };
/* End PBXFileReference section */

/* Begin PBXFrameworksBuildPhase section */
		BBB4231328D4C7D8005DF06A /* Frameworks */ = {
			isa = PBXFrameworksBuildPhase;
			buildActionMask = 2147483647;
			files = (
				BBB4232F28D4D06A005DF06A /* Alamofire in Frameworks */,
			);
			runOnlyForDeploymentPostprocessing = 0;
		};
/* End PBXFrameworksBuildPhase section */

/* Begin PBXGroup section */
		BBB4230D28D4C7D8005DF06A = {
			isa = PBXGroup;
			children = (
				BBB4231828D4C7D8005DF06A /* Note-App */,
				BBB4231728D4C7D8005DF06A /* Products */,
			);
			sourceTree = "<group>";
		};
		BBB4231728D4C7D8005DF06A /* Products */ = {
			isa = PBXGroup;
			children = (
				BBB4231628D4C7D8005DF06A /* Note-App.app */,
			);
			name = Products;
			sourceTree = "<group>";
		};
		BBB4231828D4C7D8005DF06A /* Note-App */ = {
			isa = PBXGroup;
			children = (
				BBB4231928D4C7D8005DF06A /* AppDelegate.swift */,
				BBB4231B28D4C7D8005DF06A /* SceneDelegate.swift */,
				BBB4231D28D4C7D8005DF06A /* ViewController.swift */,
				BBB4231F28D4C7D8005DF06A /* Main.storyboard */,
				BBB4232228D4C7D9005DF06A /* Assets.xcassets */,
				BBB4232428D4C7D9005DF06A /* LaunchScreen.storyboard */,
				BBB4232728D4C7D9005DF06A /* Info.plist */,
				BBB4233028D4D6E0005DF06A /* APIFunctions.swift */,
				BBB4233228D4EC9F005DF06A /* AddNoteViewController.swift */,
				BBAFDF6A28D5073E0062FBA7 /* NotePrototypeCell.swift */,
			);
			path = "Note-App";
			sourceTree = "<group>";
		};
/* End PBXGroup section */

/* Begin PBXNativeTarget section */
		BBB4231528D4C7D8005DF06A /* Note-App */ = {
			isa = PBXNativeTarget;
			buildConfigurationList = BBB4232A28D4C7D9005DF06A /* Build configuration list for PBXNativeTarget "Note-App" */;
			buildPhases = (
				BBB4231228D4C7D8005DF06A /* Sources */,
				BBB4231328D4C7D8005DF06A /* Frameworks */,
				BBB4231428D4C7D8005DF06A /* Resources */,
			);
			buildRules = (
			);
			dependencies = (
			);
			name = "Note-App";
			packageProductDependencies = (
				BBB4232E28D4D06A005DF06A /* Alamofire */,
			);
			productName = "Note-App";
			productReference = BBB4231628D4C7D8005DF06A /* Note-App.app */;
			productType = "com.apple.product-type.application";
		};
/* End PBXNativeTarget section */

/* Begin PBXProject section */
		BBB4230E28D4C7D8005DF06A /* Project object */ = {
			isa = PBXProject;
			attributes = {
				BuildIndependentTargetsInParallel = 1;
				LastSwiftUpdateCheck = 1340;
				LastUpgradeCheck = 1340;
				TargetAttributes = {
					BBB4231528D4C7D8005DF06A = {
						CreatedOnToolsVersion = 13.4.1;
					};
				};
			};
			buildConfigurationList = BBB4231128D4C7D8005DF06A /* Build configuration list for PBXProject "Note-App" */;
			compatibilityVersion = "Xcode 13.0";
			developmentRegion = en;
			hasScannedForEncodings = 0;
			knownRegions = (
				en,
				Base,
			);
			mainGroup = BBB4230D28D4C7D8005DF06A;
			packageReferences = (
				BBB4232D28D4D06A005DF06A /* XCRemoteSwiftPackageReference "Alamofire" */,
			);
			productRefGroup = BBB4231728D4C7D8005DF06A /* Products */;
			projectDirPath = "";
			projectRoot = "";
			targets = (
				BBB4231528D4C7D8005DF06A /* Note-App */,
			);
		};
/* End PBXProject section */

/* Begin PBXResourcesBuildPhase section */
		BBB4231428D4C7D8005DF06A /* Resources */ = {
			isa = PBXResourcesBuildPhase;
			buildActionMask = 2147483647;
			files = (
				BBB4232628D4C7D9005DF06A /* LaunchScreen.storyboard in Resources */,
				BBB4232328D4C7D9005DF06A /* Assets.xcassets in Resources */,
				BBB4232128D4C7D8005DF06A /* Main.storyboard in Resources */,
			);
			runOnlyForDeploymentPostprocessing = 0;
		};
/* End PBXResourcesBuildPhase section */

/* Begin PBXSourcesBuildPhase section */
		BBB4231228D4C7D8005DF06A /* Sources */ = {
			isa = PBXSourcesBuildPhase;
			buildActionMask = 2147483647;
			files = (
				BBB4233128D4D6E0005DF06A /* APIFunctions.swift in Sources */,
				BBB4231E28D4C7D8005DF06A /* ViewController.swift in Sources */,
				BBB4231A28D4C7D8005DF06A /* AppDelegate.swift in Sources */,
				BBB4233328D4EC9F005DF06A /* AddNoteViewController.swift in Sources */,
				BBAFDF6B28D5073E0062FBA7 /* NotePrototypeCell.swift in Sources */,
				BBB4231C28D4C7D8005DF06A /* SceneDelegate.swift in Sources */,
			);
			runOnlyForDeploymentPostprocessing = 0;
		};
/* End PBXSourcesBuildPhase section */

/* Begin PBXVariantGroup section */
		BBB4231F28D4C7D8005DF06A /* Main.storyboard */ = {
			isa = PBXVariantGroup;
			children = (
				BBB4232028D4C7D8005DF06A /* Base */,
			);
			name = Main.storyboard;
			sourceTree = "<group>";
		};
		BBB4232428D4C7D9005DF06A /* LaunchScreen.storyboard */ = {
			isa = PBXVariantGroup;
			children = (
				BBB4232528D4C7D9005DF06A /* Base */,
			);
			name = LaunchScreen.storyboard;
			sourceTree = "<group>";
		};
/* End PBXVariantGroup section */

/* Begin XCBuildConfiguration section */
		BBB4232828D4C7D9005DF06A /* Debug */ = {
			isa = XCBuildConfiguration;
			buildSettings = {
				ALWAYS_SEARCH_USER_PATHS = NO;
				CLANG_ANALYZER_NONNULL = YES;
				CLANG_ANALYZER_NUMBER_OBJECT_CONVERSION = YES_AGGRESSIVE;
				CLANG_CXX_LANGUAGE_STANDARD = "gnu++17";
				CLANG_ENABLE_MODULES = YES;
				CLANG_ENABLE_OBJC_ARC = YES;
				CLANG_ENABLE_OBJC_WEAK = YES;
				CLANG_WARN_BLOCK_CAPTURE_AUTORELEASING = YES;
				CLANG_WARN_BOOL_CONVERSION = YES;
				CLANG_WARN_COMMA = YES;
				CLANG_WARN_CONSTANT_CONVERSION = YES;
				CLANG_WARN_DEPRECATED_OBJC_IMPLEMENTATIONS = YES;
				CLANG_WARN_DIRECT_OBJC_ISA_USAGE = YES_ERROR;
				CLANG_WARN_DOCUMENTATION_COMMENTS = YES;
				CLANG_WARN_EMPTY_BODY = YES;
				CLANG_WARN_ENUM_CONVERSION = YES;
				CLANG_WARN_INFINITE_RECURSION = YES;
				CLANG_WARN_INT_CONVERSION = YES;
				CLANG_WARN_NON_LITERAL_NULL_CONVERSION = YES;
				CLANG_WARN_OBJC_IMPLICIT_RETAIN_SELF = YES;
				CLANG_WARN_OBJC_LITERAL_CONVERSION = YES;
				CLANG_WARN_OBJC_ROOT_CLASS = YES_ERROR;
				CLANG_WARN_QUOTED_INCLUDE_IN_FRAMEWORK_HEADER = YES;
				CLANG_WARN_RANGE_LOOP_ANALYSIS = YES;
				CLANG_WARN_STRICT_PROTOTYPES = YES;
				CLANG_WARN_SUSPICIOUS_MOVE = YES;
				CLANG_WARN_UNGUARDED_AVAILABILITY = YES_AGGRESSIVE;
				CLANG_WARN_UNREACHABLE_CODE = YES;
				CLANG_WARN__DUPLICATE_METHOD_MATCH = YES;
				COPY_PHASE_STRIP = NO;
				DEBUG_INFORMATION_FORMAT = dwarf;
				ENABLE_STRICT_OBJC_MSGSEND = YES;
				ENABLE_TESTABILITY = YES;
				GCC_C_LANGUAGE_STANDARD = gnu11;
				GCC_DYNAMIC_NO_PIC = NO;
				GCC_NO_COMMON_BLOCKS = YES;
				GCC_OPTIMIZATION_LEVEL = 0;
				GCC_PREPROCESSOR_DEFINITIONS = (
					"DEBUG=1",
					"$(inherited)",
				);
				GCC_WARN_64_TO_32_BIT_CONVERSION = YES;
				GCC_WARN_ABOUT_RETURN_TYPE = YES_ERROR;
				GCC_WARN_UNDECLARED_SELECTOR = YES;
				GCC_WARN_UNINITIALIZED_AUTOS = YES_AGGRESSIVE;
				GCC_WARN_UNUSED_FUNCTION = YES;
				GCC_WARN_UNUSED_VARIABLE = YES;
				IPHONEOS_DEPLOYMENT_TARGET = 15.5;
				MTL_ENABLE_DEBUG_INFO = INCLUDE_SOURCE;
				MTL_FAST_MATH = YES;
				ONLY_ACTIVE_ARCH = YES;
				SDKROOT = iphoneos;
				SWIFT_ACTIVE_COMPILATION_CONDITIONS = DEBUG;
				SWIFT_OPTIMIZATION_LEVEL = "-Onone";
			};
			name = Debug;
		};
		BBB4232928D4C7D9005DF06A /* Release */ = {
			isa = XCBuildConfiguration;
			buildSettings = {
				ALWAYS_SEARCH_USER_PATHS = NO;
				CLANG_ANALYZER_NONNULL = YES;
				CLANG_ANALYZER_NUMBER_OBJECT_CONVERSION = YES_AGGRESSIVE;
				CLANG_CXX_LANGUAGE_STANDARD = "gnu++17";
				CLANG_ENABLE_MODULES = YES;
				CLANG_ENABLE_OBJC_ARC = YES;
				CLANG_ENABLE_OBJC_WEAK = YES;
				CLANG_WARN_BLOCK_CAPTURE_AUTORELEASING = YES;
				CLANG_WARN_BOOL_CONVERSION = YES;
				CLANG_WARN_COMMA = YES;
				CLANG_WARN_CONSTANT_CONVERSION = YES;
				CLANG_WARN_DEPRECATED_OBJC_IMPLEMENTATIONS = YES;
				CLANG_WARN_DIRECT_OBJC_ISA_USAGE = YES_ERROR;
				CLANG_WARN_DOCUMENTATION_COMMENTS = YES;
				CLANG_WARN_EMPTY_BODY = YES;
				CLANG_WARN_ENUM_CONVERSION = YES;
				CLANG_WARN_INFINITE_RECURSION = YES;
				CLANG_WARN_INT_CONVERSION = YES;
				CLANG_WARN_NON_LITERAL_NULL_CONVERSION = YES;
				CLANG_WARN_OBJC_IMPLICIT_RETAIN_SELF = YES;
				CLANG_WARN_OBJC_LITERAL_CONVERSION = YES;
				CLANG_WARN_OBJC_ROOT_CLASS = YES_ERROR;
				CLANG_WARN_QUOTED_INCLUDE_IN_FRAMEWORK_HEADER = YES;
				CLANG_WARN_RANGE_LOOP_ANALYSIS = YES;
				CLANG_WARN_STRICT_PROTOTYPES = YES;
				CLANG_WARN_SUSPICIOUS_MOVE = YES;
				CLANG_WARN_UNGUARDED_AVAILABILITY = YES_AGGRESSIVE;
				CLANG_WARN_UNREACHABLE_CODE = YES;
				CLANG_WARN__DUPLICATE_METHOD_MATCH = YES;
				COPY_PHASE_STRIP = NO;
				DEBUG_INFORMATION_FORMAT = "dwarf-with-dsym";
				ENABLE_NS_ASSERTIONS = NO;
				ENABLE_STRICT_OBJC_MSGSEND = YES;
				GCC_C_LANGUAGE_STANDARD = gnu11;
				GCC_NO_COMMON_BLOCKS = YES;
				GCC_WARN_64_TO_32_BIT_CONVERSION = YES;
				GCC_WARN_ABOUT_RETURN_TYPE = YES_ERROR;
				GCC_WARN_UNDECLARED_SELECTOR = YES;
				GCC_WARN_UNINITIALIZED_AUTOS = YES_AGGRESSIVE;
				GCC_WARN_UNUSED_FUNCTION = YES;
				GCC_WARN_UNUSED_VARIABLE = YES;
				IPHONEOS_DEPLOYMENT_TARGET = 15.5;
				MTL_ENABLE_DEBUG_INFO = NO;
				MTL_FAST_MATH = YES;
				SDKROOT = iphoneos;
				SWIFT_COMPILATION_MODE = wholemodule;
				SWIFT_OPTIMIZATION_LEVEL = "-O";
				VALIDATE_PRODUCT = YES;
			};
			name = Release;
		};
		BBB4232B28D4C7D9005DF06A /* Debug */ = {
			isa = XCBuildConfiguration;
			buildSettings = {
				ASSETCATALOG_COMPILER_APPICON_NAME = AppIcon;
				ASSETCATALOG_COMPILER_GLOBAL_ACCENT_COLOR_NAME = AccentColor;
				CODE_SIGN_STYLE = Automatic;
				CURRENT_PROJECT_VERSION = 1;
				DEVELOPMENT_TEAM = 57U4VWL7LG;
				GENERATE_INFOPLIST_FILE = YES;
				INFOPLIST_FILE = "Note-App/Info.plist";
				INFOPLIST_KEY_UIApplicationSupportsIndirectInputEvents = YES;
				INFOPLIST_KEY_UILaunchStoryboardName = LaunchScreen;
				INFOPLIST_KEY_UIMainStoryboardFile = Main;
				INFOPLIST_KEY_UISupportedInterfaceOrientations_iPad = "UIInterfaceOrientationPortrait UIInterfaceOrientationPortraitUpsideDown UIInterfaceOrientationLandscapeLeft UIInterfaceOrientationLandscapeRight";
				INFOPLIST_KEY_UISupportedInterfaceOrientations_iPhone = "UIInterfaceOrientationPortrait UIInterfaceOrientationLandscapeLeft UIInterfaceOrientationLandscapeRight";
				LD_RUNPATH_SEARCH_PATHS = (
					"$(inherited)",
					"@executable_path/Frameworks",
				);
				MARKETING_VERSION = 1.0;
				PRODUCT_BUNDLE_IDENTIFIER = "com.karthik.Note-App";
				PRODUCT_NAME = "$(TARGET_NAME)";
				SWIFT_EMIT_LOC_STRINGS = YES;
				SWIFT_VERSION = 5.0;
				TARGETED_DEVICE_FAMILY = "1,2";
			};
			name = Debug;
		};
		BBB4232C28D4C7D9005DF06A /* Release */ = {
			isa = XCBuildConfiguration;
			buildSettings = {
				ASSETCATALOG_COMPILER_APPICON_NAME = AppIcon;
				ASSETCATALOG_COMPILER_GLOBAL_ACCENT_COLOR_NAME = AccentColor;
				CODE_SIGN_STYLE = Automatic;
				CURRENT_PROJECT_VERSION = 1;
				DEVELOPMENT_TEAM = 57U4VWL7LG;
				GENERATE_INFOPLIST_FILE = YES;
				INFOPLIST_FILE = "Note-App/Info.plist";
				INFOPLIST_KEY_UIApplicationSupportsIndirectInputEvents = YES;
				INFOPLIST_KEY_UILaunchStoryboardName = LaunchScreen;
				INFOPLIST_KEY_UIMainStoryboardFile = Main;
				INFOPLIST_KEY_UISupportedInterfaceOrientations_iPad = "UIInterfaceOrientationPortrait UIInterfaceOrientationPortraitUpsideDown UIInterfaceOrientationLandscapeLeft UIInterfaceOrientationLandscapeRight";
				INFOPLIST_KEY_UISupportedInterfaceOrientations_iPhone = "UIInterfaceOrientationPortrait UIInterfaceOrientationLandscapeLeft UIInterfaceOrientationLandscapeRight";
				LD_RUNPATH_SEARCH_PATHS = (
					"$(inherited)",
					"@executable_path/Frameworks",
				);
				MARKETING_VERSION = 1.0;
				PRODUCT_BUNDLE_IDENTIFIER = "com.karthik.Note-App";
				PRODUCT_NAME = "$(TARGET_NAME)";
				SWIFT_EMIT_LOC_STRINGS = YES;
				SWIFT_VERSION = 5.0;
				TARGETED_DEVICE_FAMILY = "1,2";
			};
			name = Release;
		};
/* End XCBuildConfiguration section */

/* Begin XCConfigurationList section */
		BBB4231128D4C7D8005DF06A /* Build configuration list for PBXProject "Note-App" */ = {
			isa = XCConfigurationList;
			buildConfigurations = (
				BBB4232828D4C7D9005DF06A /* Debug */,
				BBB4232928D4C7D9005DF06A /* Release */,
			);
			defaultConfigurationIsVisible = 0;
			defaultConfigurationName = Release;
		};
		BBB4232A28D4C7D9005DF06A /* Build configuration list for PBXNativeTarget "Note-App" */ = {
			isa = XCConfigurationList;
			buildConfigurations = (
				BBB4232B28D4C7D9005DF06A /* Debug */,
				BBB4232C28D4C7D9005DF06A /* Release */,
			);
			defaultConfigurationIsVisible = 0;
			defaultConfigurationName = Release;
		};
/* End XCConfigurationList section */

/* Begin XCRemoteSwiftPackageReference section */
		BBB4232D28D4D06A005DF06A /* XCRemoteSwiftPackageReference "Alamofire" */ = {
			isa = XCRemoteSwiftPackageReference;
			repositoryURL = "https://github.com/Alamofire/Alamofire";
			requirement = {
				kind = upToNextMajorVersion;
				minimumVersion = 5.0.0;
			};
		};
/* End XCRemoteSwiftPackageReference section */

/* Begin XCSwiftPackageProductDependency section */
		BBB4232E28D4D06A005DF06A /* Alamofire */ = {
			isa = XCSwiftPackageProductDependency;
			package = BBB4232D28D4D06A005DF06A /* XCRemoteSwiftPackageReference "Alamofire" */;
			productName = Alamofire;
		};
/* End XCSwiftPackageProductDependency section */
	};
	rootObject = BBB4230E28D4C7D8005DF06A /* Project object */;
}
